
Microsoft Visual Studio Solution File, Format Version 12.00
# Visual Studio 15
VisualStudioVersion = 15.0.27130.2026
MinimumVisualStudioVersion = 10.0.40219.1
Project("{2150E333-8FDC-42A3-9474-1A3956D46DE8}") = "Data", "Data", "{B5A52323-8FFE-4831-BDFA-A70B6C8613D5}"
EndProject
Project("{FAE04EC0-301F-11D3-BF4B-00C04F79EFBC}") = "WangJun.NodeRunner", "WangJun.NodeRunner\WangJun.NodeRunner.csproj", "{62DCEA58-6039-4290-8455-5488A243F2A8}"
EndProject
Project("{FAE04EC0-301F-11D3-BF4B-00C04F79EFBC}") = "WangJun.Local", "WangJun.Local\WangJun.Local.csproj", "{BB2A52E3-A00F-4591-A561-BA2E5AC00F2C}"
EndProject
Project("{FAE04EC0-301F-11D3-BF4B-00C04F79EFBC}") = "WangJun.Tools", "WangJun.Tools\WangJun.Tools.csproj", "{79474114-39E0-4FEC-A040-F2E867CA82A7}"
EndProject
Project("{FAE04EC0-301F-11D3-BF4B-00C04F79EFBC}") = "WangJun.DB", "WangJun.DB\WangJun.DB.csproj", "{AF918729-03E8-443F-BD76-79BC604E286E}"
EndProject
Project("{2150E333-8FDC-42A3-9474-1A3956D46DE8}") = "DLL", "DLL", "{9E49886F-0F1A-4480-9717-CED21578F821}"
EndProject
Project("{FAE04EC0-301F-11D3-BF4B-00C04F79EFBC}") = "WangJun.Net", "WangJun.Net\WangJun.Net.csproj", "{952A70F6-06A9-405A-A3E6-62B24C218DAF}"
EndProject
Project("{FAE04EC0-301F-11D3-BF4B-00C04F79EFBC}") = "WangJun.Debug", "WangJun.Debug\WangJun.Debug.csproj", "{0232ECA8-2266-4B23-A59F-66EC9308260A}"
EndProject
Project("{FAE04EC0-301F-11D3-BF4B-00C04F79EFBC}") = "WangJun.NetLoader", "WangJun.NetLoader\WangJun.NetLoader.csproj", "{EE3A5A9F-20B3-4555-9A40-609C3641A7E0}"
EndProject
Project("{FAE04EC0-301F-11D3-BF4B-00C04F79EFBC}") = "WangJun.BizCore", "WangJun.BizCore\WangJun.BizCore.csproj", "{4E6BB412-B6A6-45B0-978D-582609930D82}"
EndProject
Project("{FAE04EC0-301F-11D3-BF4B-00C04F79EFBC}") = "WangJun.Stock", "WangJun.Stock\WangJun.Stock.csproj", "{73325152-D226-46CB-B333-B5EEA545209B}"
EndProject
Project("{2150E333-8FDC-42A3-9474-1A3956D46DE8}") = "Host", "Host", "{E532E0FD-8655-4AAC-90D8-4E5F09AC08AC}"
EndProject
Project("{FAE04EC0-301F-11D3-BF4B-00C04F79EFBC}") = "WangJun.Workflow", "WangJun.Workflow\WangJun.Workflow.csproj", "{E7634A52-77AC-481B-9104-E34FBD472DFE}"
EndProject
Project("{2150E333-8FDC-42A3-9474-1A3956D46DE8}") = "4.5", "4.5", "{412E9FA2-4E66-4EF9-B9A6-F094FFD014A5}"
EndProject
Project("{FAE04EC0-301F-11D3-BF4B-00C04F79EFBC}") = "WangJun.Utility", "WangJun.Utility\WangJun.Utility.csproj", "{DDC51285-3F85-4D6D-A10B-F835B9C5058A}"
EndProject
Project("{FAE04EC0-301F-11D3-BF4B-00C04F79EFBC}") = "WangJun.DataSource", "WangJun.DataSource\WangJun.DataSource.csproj", "{773C67BE-ABAD-4C67-A84D-831458B8385E}"
EndProject
Project("{FAE04EC0-301F-11D3-BF4B-00C04F79EFBC}") = "WangJun.AI", "WangJun.AI\WangJun.AI.csproj", "{590D4B25-0269-4CA9-9695-E1F39395BA96}"
EndProject
Project("{FAE04EC0-301F-11D3-BF4B-00C04F79EFBC}") = "WangJun.Office", "WangJun.Office\WangJun.Office.csproj", "{F542ABA6-FF88-4AA0-8EDC-C7858E6BD6B0}"
EndProject
Project("{FAE04EC0-301F-11D3-BF4B-00C04F79EFBC}") = "WangJun.Entity", "WangJun.Entity\WangJun.Entity.csproj", "{41FE0A71-2098-483A-8E1B-ED4BEBB4DD72}"
EndProject
Project("{FAE04EC0-301F-11D3-BF4B-00C04F79EFBC}") = "WangJun.YunDoc", "WangJun.YunDoc\WangJun.YunDoc.csproj", "{F778D22C-042F-4535-A9E1-10BFB9E23A7F}"
EndProject
Global
	GlobalSection(SolutionConfigurationPlatforms) = preSolution
		Debug|Any CPU = Debug|Any CPU
		Release|Any CPU = Release|Any CPU
	EndGlobalSection
	GlobalSection(ProjectConfigurationPlatforms) = postSolution
		{62DCEA58-6039-4290-8455-5488A243F2A8}.Debug|Any CPU.ActiveCfg = Debug|Any CPU
		{62DCEA58-6039-4290-8455-5488A243F2A8}.Debug|Any CPU.Build.0 = Debug|Any CPU
		{62DCEA58-6039-4290-8455-5488A243F2A8}.Release|Any CPU.ActiveCfg = Release|Any CPU
		{62DCEA58-6039-4290-8455-5488A243F2A8}.Release|Any CPU.Build.0 = Release|Any CPU
		{BB2A52E3-A00F-4591-A561-BA2E5AC00F2C}.Debug|Any CPU.ActiveCfg = Debug|Any CPU
		{BB2A52E3-A00F-4591-A561-BA2E5AC00F2C}.Debug|Any CPU.Build.0 = Debug|Any CPU
		{BB2A52E3-A00F-4591-A561-BA2E5AC00F2C}.Release|Any CPU.ActiveCfg = Release|Any CPU
		{BB2A52E3-A00F-4591-A561-BA2E5AC00F2C}.Release|Any CPU.Build.0 = Release|Any CPU
		{79474114-39E0-4FEC-A040-F2E867CA82A7}.Debug|Any CPU.ActiveCfg = Debug|Any CPU
		{79474114-39E0-4FEC-A040-F2E867CA82A7}.Debug|Any CPU.Build.0 = Debug|Any CPU
		{79474114-39E0-4FEC-A040-F2E867CA82A7}.Release|Any CPU.ActiveCfg = Release|Any CPU
		{79474114-39E0-4FEC-A040-F2E867CA82A7}.Release|Any CPU.Build.0 = Release|Any CPU
		{AF918729-03E8-443F-BD76-79BC604E286E}.Debug|Any CPU.ActiveCfg = Debug|Any CPU
		{AF918729-03E8-443F-BD76-79BC604E286E}.Debug|Any CPU.Build.0 = Debug|Any CPU
		{AF918729-03E8-443F-BD76-79BC604E286E}.Release|Any CPU.ActiveCfg = Release|Any CPU
		{AF918729-03E8-443F-BD76-79BC604E286E}.Release|Any CPU.Build.0 = Release|Any CPU
		{952A70F6-06A9-405A-A3E6-62B24C218DAF}.Debug|Any CPU.ActiveCfg = Debug|Any CPU
		{952A70F6-06A9-405A-A3E6-62B24C218DAF}.Debug|Any CPU.Build.0 = Debug|Any CPU
		{952A70F6-06A9-405A-A3E6-62B24C218DAF}.Release|Any CPU.ActiveCfg = Release|Any CPU
		{952A70F6-06A9-405A-A3E6-62B24C218DAF}.Release|Any CPU.Build.0 = Release|Any CPU
		{0232ECA8-2266-4B23-A59F-66EC9308260A}.Debug|Any CPU.ActiveCfg = Debug|Any CPU
		{0232ECA8-2266-4B23-A59F-66EC9308260A}.Debug|Any CPU.Build.0 = Debug|Any CPU
		{0232ECA8-2266-4B23-A59F-66EC9308260A}.Release|Any CPU.ActiveCfg = Release|Any CPU
		{0232ECA8-2266-4B23-A59F-66EC9308260A}.Release|Any CPU.Build.0 = Release|Any CPU
		{EE3A5A9F-20B3-4555-9A40-609C3641A7E0}.Debug|Any CPU.ActiveCfg = Debug|Any CPU
		{EE3A5A9F-20B3-4555-9A40-609C3641A7E0}.Debug|Any CPU.Build.0 = Debug|Any CPU
		{EE3A5A9F-20B3-4555-9A40-609C3641A7E0}.Release|Any CPU.ActiveCfg = Release|Any CPU
		{EE3A5A9F-20B3-4555-9A40-609C3641A7E0}.Release|Any CPU.Build.0 = Release|Any CPU
		{4E6BB412-B6A6-45B0-978D-582609930D82}.Debug|Any CPU.ActiveCfg = Debug|Any CPU
		{4E6BB412-B6A6-45B0-978D-582609930D82}.Debug|Any CPU.Build.0 = Debug|Any CPU
		{4E6BB412-B6A6-45B0-978D-582609930D82}.Release|Any CPU.ActiveCfg = Release|Any CPU
		{4E6BB412-B6A6-45B0-978D-582609930D82}.Release|Any CPU.Build.0 = Release|Any CPU
		{73325152-D226-46CB-B333-B5EEA545209B}.Debug|Any CPU.ActiveCfg = Debug|Any CPU
		{73325152-D226-46CB-B333-B5EEA545209B}.Debug|Any CPU.Build.0 = Debug|Any CPU
		{73325152-D226-46CB-B333-B5EEA545209B}.Release|Any CPU.ActiveCfg = Release|Any CPU
		{73325152-D226-46CB-B333-B5EEA545209B}.Release|Any CPU.Build.0 = Release|Any CPU
		{E7634A52-77AC-481B-9104-E34FBD472DFE}.Debug|Any CPU.ActiveCfg = Debug|Any CPU
		{E7634A52-77AC-481B-9104-E34FBD472DFE}.Debug|Any CPU.Build.0 = Debug|Any CPU
		{E7634A52-77AC-481B-9104-E34FBD472DFE}.Release|Any CPU.ActiveCfg = Release|Any CPU
		{E7634A52-77AC-481B-9104-E34FBD472DFE}.Release|Any CPU.Build.0 = Release|Any CPU
		{DDC51285-3F85-4D6D-A10B-F835B9C5058A}.Debug|Any CPU.ActiveCfg = Debug|Any CPU
		{DDC51285-3F85-4D6D-A10B-F835B9C5058A}.Debug|Any CPU.Build.0 = Debug|Any CPU
		{DDC51285-3F85-4D6D-A10B-F835B9C5058A}.Release|Any CPU.ActiveCfg = Release|Any CPU
		{DDC51285-3F85-4D6D-A10B-F835B9C5058A}.Release|Any CPU.Build.0 = Release|Any CPU
		{773C67BE-ABAD-4C67-A84D-831458B8385E}.Debug|Any CPU.ActiveCfg = Debug|Any CPU
		{773C67BE-ABAD-4C67-A84D-831458B8385E}.Debug|Any CPU.Build.0 = Debug|Any CPU
		{773C67BE-ABAD-4C67-A84D-831458B8385E}.Release|Any CPU.ActiveCfg = Release|Any CPU
		{773C67BE-ABAD-4C67-A84D-831458B8385E}.Release|Any CPU.Build.0 = Release|Any CPU
		{590D4B25-0269-4CA9-9695-E1F39395BA96}.Debug|Any CPU.ActiveCfg = Debug|Any CPU
		{590D4B25-0269-4CA9-9695-E1F39395BA96}.Debug|Any CPU.Build.0 = Debug|Any CPU
		{590D4B25-0269-4CA9-9695-E1F39395BA96}.Release|Any CPU.ActiveCfg = Release|Any CPU
		{590D4B25-0269-4CA9-9695-E1F39395BA96}.Release|Any CPU.Build.0 = Release|Any CPU
		{F542ABA6-FF88-4AA0-8EDC-C7858E6BD6B0}.Debug|Any CPU.ActiveCfg = Debug|Any CPU
		{F542ABA6-FF88-4AA0-8EDC-C7858E6BD6B0}.Debug|Any CPU.Build.0 = Debug|Any CPU
		{F542ABA6-FF88-4AA0-8EDC-C7858E6BD6B0}.Release|Any CPU.ActiveCfg = Release|Any CPU
		{F542ABA6-FF88-4AA0-8EDC-C7858E6BD6B0}.Release|Any CPU.Build.0 = Release|Any CPU
		{41FE0A71-2098-483A-8E1B-ED4BEBB4DD72}.Debug|Any CPU.ActiveCfg = Debug|Any CPU
		{41FE0A71-2098-483A-8E1B-ED4BEBB4DD72}.Debug|Any CPU.Build.0 = Debug|Any CPU
		{41FE0A71-2098-483A-8E1B-ED4BEBB4DD72}.Release|Any CPU.ActiveCfg = Release|Any CPU
		{41FE0A71-2098-483A-8E1B-ED4BEBB4DD72}.Release|Any CPU.Build.0 = Release|Any CPU
		{F778D22C-042F-4535-A9E1-10BFB9E23A7F}.Debug|Any CPU.ActiveCfg = Debug|Any CPU
		{F778D22C-042F-4535-A9E1-10BFB9E23A7F}.Debug|Any CPU.Build.0 = Debug|Any CPU
		{F778D22C-042F-4535-A9E1-10BFB9E23A7F}.Release|Any CPU.ActiveCfg = Release|Any CPU
		{F778D22C-042F-4535-A9E1-10BFB9E23A7F}.Release|Any CPU.Build.0 = Release|Any CPU
	EndGlobalSection
	GlobalSection(SolutionProperties) = preSolution
		HideSolutionNode = FALSE
	EndGlobalSection
	GlobalSection(NestedProjects) = preSolution
		{62DCEA58-6039-4290-8455-5488A243F2A8} = {E532E0FD-8655-4AAC-90D8-4E5F09AC08AC}
		{BB2A52E3-A00F-4591-A561-BA2E5AC00F2C} = {B5A52323-8FFE-4831-BDFA-A70B6C8613D5}
		{79474114-39E0-4FEC-A040-F2E867CA82A7} = {B5A52323-8FFE-4831-BDFA-A70B6C8613D5}
		{AF918729-03E8-443F-BD76-79BC604E286E} = {412E9FA2-4E66-4EF9-B9A6-F094FFD014A5}
		{952A70F6-06A9-405A-A3E6-62B24C218DAF} = {412E9FA2-4E66-4EF9-B9A6-F094FFD014A5}
		{EE3A5A9F-20B3-4555-9A40-609C3641A7E0} = {B5A52323-8FFE-4831-BDFA-A70B6C8613D5}
		{E7634A52-77AC-481B-9104-E34FBD472DFE} = {412E9FA2-4E66-4EF9-B9A6-F094FFD014A5}
		{DDC51285-3F85-4D6D-A10B-F835B9C5058A} = {412E9FA2-4E66-4EF9-B9A6-F094FFD014A5}
		{773C67BE-ABAD-4C67-A84D-831458B8385E} = {412E9FA2-4E66-4EF9-B9A6-F094FFD014A5}
		{590D4B25-0269-4CA9-9695-E1F39395BA96} = {412E9FA2-4E66-4EF9-B9A6-F094FFD014A5}
		{41FE0A71-2098-483A-8E1B-ED4BEBB4DD72} = {412E9FA2-4E66-4EF9-B9A6-F094FFD014A5}
		{F778D22C-042F-4535-A9E1-10BFB9E23A7F} = {412E9FA2-4E66-4EF9-B9A6-F094FFD014A5}
	EndGlobalSection
	GlobalSection(ExtensibilityGlobals) = postSolution
		SolutionGuid = {B32754E4-B933-4B9F-BF1D-8A90BFBC2EEB}
	EndGlobalSection
EndGlobal
