
Microsoft Visual Studio Solution File, Format Version 12.00
# Visual Studio 14
VisualStudioVersion = 14.0.25420.1
MinimumVisualStudioVersion = 10.0.40219.1
Project("{2150E333-8FDC-42A3-9474-1A3956D46DE8}") = "Desktop", "Desktop", "{D9C34850-9C74-45C1-A338-FF619DCF1E0C}"
EndProject
Project("{2150E333-8FDC-42A3-9474-1A3956D46DE8}") = "Mobile", "Mobile", "{9F0748B2-4E82-4704-89D8-09E4DE242038}"
EndProject
Project("{2150E333-8FDC-42A3-9474-1A3956D46DE8}") = "Data", "Data", "{B5A52323-8FFE-4831-BDFA-A70B6C8613D5}"
EndProject
Project("{FAE04EC0-301F-11D3-BF4B-00C04F79EFBC}") = "WebDesktop", "WebDesktop\WebDesktop.csproj", "{20642A8A-780C-41DC-98C7-8E211C024B2D}"
EndProject
Project("{FAE04EC0-301F-11D3-BF4B-00C04F79EFBC}") = "WangJun.NodeRunner", "WangJun.NodeRunner\WangJun.NodeRunner.csproj", "{62DCEA58-6039-4290-8455-5488A243F2A8}"
EndProject
Project("{FAE04EC0-301F-11D3-BF4B-00C04F79EFBC}") = "WangJun.Local", "WangJun.Local\WangJun.Local.csproj", "{BB2A52E3-A00F-4591-A561-BA2E5AC00F2C}"
EndProject
Project("{FAE04EC0-301F-11D3-BF4B-00C04F79EFBC}") = "WangJun.Tools", "WangJun.Tools\WangJun.Tools.csproj", "{79474114-39E0-4FEC-A040-F2E867CA82A7}"
EndProject
Project("{FAE04EC0-301F-11D3-BF4B-00C04F79EFBC}") = "WangJun.LocalTests", "WangJun.LocalTests\WangJun.LocalTests.csproj", "{4C0E67AD-A30B-4273-B0F2-744C9F739E2F}"
EndProject
Project("{FAE04EC0-301F-11D3-BF4B-00C04F79EFBC}") = "WangJun.DB", "WangJun.DB\WangJun.DB.csproj", "{AF918729-03E8-443F-BD76-79BC604E286E}"
EndProject
Project("{2150E333-8FDC-42A3-9474-1A3956D46DE8}") = "DLL", "DLL", "{9E49886F-0F1A-4480-9717-CED21578F821}"
EndProject
Project("{2150E333-8FDC-42A3-9474-1A3956D46DE8}") = "NewFolder1", "NewFolder1", "{487D8059-71C5-43CE-9610-8134DE1364CA}"
EndProject
Project("{FAE04EC0-301F-11D3-BF4B-00C04F79EFBC}") = "WangJun.API", "WangJun.API\WangJun.API.csproj", "{E73A9F87-DFC1-4692-BE18-396A9D8A07FA}"
EndProject
Project("{FAE04EC0-301F-11D3-BF4B-00C04F79EFBC}") = "WangJun.Net", "WangJun.Net\WangJun.Net.csproj", "{952A70F6-06A9-405A-A3E6-62B24C218DAF}"
EndProject
Global
	GlobalSection(SolutionConfigurationPlatforms) = preSolution
		Debug|Any CPU = Debug|Any CPU
		Release|Any CPU = Release|Any CPU
	EndGlobalSection
	GlobalSection(ProjectConfigurationPlatforms) = postSolution
		{20642A8A-780C-41DC-98C7-8E211C024B2D}.Debug|Any CPU.ActiveCfg = Debug|Any CPU
		{20642A8A-780C-41DC-98C7-8E211C024B2D}.Debug|Any CPU.Build.0 = Debug|Any CPU
		{20642A8A-780C-41DC-98C7-8E211C024B2D}.Release|Any CPU.ActiveCfg = Release|Any CPU
		{20642A8A-780C-41DC-98C7-8E211C024B2D}.Release|Any CPU.Build.0 = Release|Any CPU
		{62DCEA58-6039-4290-8455-5488A243F2A8}.Debug|Any CPU.ActiveCfg = Debug|Any CPU
		{62DCEA58-6039-4290-8455-5488A243F2A8}.Debug|Any CPU.Build.0 = Debug|Any CPU
		{62DCEA58-6039-4290-8455-5488A243F2A8}.Release|Any CPU.ActiveCfg = Release|Any CPU
		{62DCEA58-6039-4290-8455-5488A243F2A8}.Release|Any CPU.Build.0 = Release|Any CPU
		{BB2A52E3-A00F-4591-A561-BA2E5AC00F2C}.Debug|Any CPU.ActiveCfg = Debug|Any CPU
		{BB2A52E3-A00F-4591-A561-BA2E5AC00F2C}.Debug|Any CPU.Build.0 = Debug|Any CPU
		{BB2A52E3-A00F-4591-A561-BA2E5AC00F2C}.Release|Any CPU.ActiveCfg = Release|Any CPU
		{BB2A52E3-A00F-4591-A561-BA2E5AC00F2C}.Release|Any CPU.Build.0 = Release|Any CPU
		{79474114-39E0-4FEC-A040-F2E867CA82A7}.Debug|Any CPU.ActiveCfg = Debug|Any CPU
		{79474114-39E0-4FEC-A040-F2E867CA82A7}.Debug|Any CPU.Build.0 = Debug|Any CPU
		{79474114-39E0-4FEC-A040-F2E867CA82A7}.Release|Any CPU.ActiveCfg = Release|Any CPU
		{79474114-39E0-4FEC-A040-F2E867CA82A7}.Release|Any CPU.Build.0 = Release|Any CPU
		{4C0E67AD-A30B-4273-B0F2-744C9F739E2F}.Debug|Any CPU.ActiveCfg = Debug|Any CPU
		{4C0E67AD-A30B-4273-B0F2-744C9F739E2F}.Debug|Any CPU.Build.0 = Debug|Any CPU
		{4C0E67AD-A30B-4273-B0F2-744C9F739E2F}.Release|Any CPU.ActiveCfg = Release|Any CPU
		{4C0E67AD-A30B-4273-B0F2-744C9F739E2F}.Release|Any CPU.Build.0 = Release|Any CPU
		{AF918729-03E8-443F-BD76-79BC604E286E}.Debug|Any CPU.ActiveCfg = Debug|Any CPU
		{AF918729-03E8-443F-BD76-79BC604E286E}.Debug|Any CPU.Build.0 = Debug|Any CPU
		{AF918729-03E8-443F-BD76-79BC604E286E}.Release|Any CPU.ActiveCfg = Release|Any CPU
		{AF918729-03E8-443F-BD76-79BC604E286E}.Release|Any CPU.Build.0 = Release|Any CPU
		{E73A9F87-DFC1-4692-BE18-396A9D8A07FA}.Debug|Any CPU.ActiveCfg = Debug|Any CPU
		{E73A9F87-DFC1-4692-BE18-396A9D8A07FA}.Debug|Any CPU.Build.0 = Debug|Any CPU
		{E73A9F87-DFC1-4692-BE18-396A9D8A07FA}.Release|Any CPU.ActiveCfg = Release|Any CPU
		{E73A9F87-DFC1-4692-BE18-396A9D8A07FA}.Release|Any CPU.Build.0 = Release|Any CPU
		{952A70F6-06A9-405A-A3E6-62B24C218DAF}.Debug|Any CPU.ActiveCfg = Debug|Any CPU
		{952A70F6-06A9-405A-A3E6-62B24C218DAF}.Debug|Any CPU.Build.0 = Debug|Any CPU
		{952A70F6-06A9-405A-A3E6-62B24C218DAF}.Release|Any CPU.ActiveCfg = Release|Any CPU
		{952A70F6-06A9-405A-A3E6-62B24C218DAF}.Release|Any CPU.Build.0 = Release|Any CPU
	EndGlobalSection
	GlobalSection(SolutionProperties) = preSolution
		HideSolutionNode = FALSE
	EndGlobalSection
	GlobalSection(NestedProjects) = preSolution
		{20642A8A-780C-41DC-98C7-8E211C024B2D} = {D9C34850-9C74-45C1-A338-FF619DCF1E0C}
		{62DCEA58-6039-4290-8455-5488A243F2A8} = {B5A52323-8FFE-4831-BDFA-A70B6C8613D5}
		{BB2A52E3-A00F-4591-A561-BA2E5AC00F2C} = {B5A52323-8FFE-4831-BDFA-A70B6C8613D5}
		{79474114-39E0-4FEC-A040-F2E867CA82A7} = {B5A52323-8FFE-4831-BDFA-A70B6C8613D5}
		{AF918729-03E8-443F-BD76-79BC604E286E} = {B5A52323-8FFE-4831-BDFA-A70B6C8613D5}
		{E73A9F87-DFC1-4692-BE18-396A9D8A07FA} = {B5A52323-8FFE-4831-BDFA-A70B6C8613D5}
	EndGlobalSection
EndGlobal
